{
  "lockfileVersion": 1,
  "configVersion": 0,
  "workspaces": {
    "": {
      "name": "client.flooo.club",
      "devDependencies": {
        "@11ty/eleventy": "^2.0.1",
      },
    },
  },
  "packages": {
    "@11ty/dependency-tree": ["@11ty/dependency-tree@2.0.1", "", {}, ""],

    "@11ty/eleventy": ["@11ty/eleventy@2.0.1", "", { "dependencies": { "@11ty/dependency-tree": "^2.0.1", "@11ty/eleventy-dev-server": "^1.0.4", "@11ty/eleventy-utils": "^1.0.1", "@11ty/lodash-custom": "^4.17.21", "@iarna/toml": "^2.2.5", "@sindresorhus/slugify": "^1.1.2", "bcp-47-normalize": "^1.1.1", "chokidar": "^3.5.3", "cross-spawn": "^7.0.3", "debug": "^4.3.4", "dependency-graph": "^0.11.0", "ejs": "^3.1.9", "fast-glob": "^3.2.12", "graceful-fs": "^4.2.11", "gray-matter": "^4.0.3", "hamljs": "^0.6.2", "handlebars": "^4.7.7", "is-glob": "^4.0.3", "iso-639-1": "^2.1.15", "kleur": "^4.1.5", "liquidjs": "^10.7.0", "luxon": "^3.3.0", "markdown-it": "^13.0.1", "micromatch": "^4.0.5", "minimist": "^1.2.8", "moo": "^0.5.2", "multimatch": "^5.0.0", "mustache": "^4.2.0", "normalize-path": "^3.0.0", "nunjucks": "^3.2.3", "path-to-regexp": "^6.2.1", "please-upgrade-node": "^3.2.0", "posthtml": "^0.16.6", "posthtml-urls": "^1.0.0", "pug": "^3.0.2", "recursive-copy": "^2.0.14", "semver": "^7.3.8", "slugify": "^1.6.6" }, "bin": { "eleventy": "cmd.js" } }, ""],

    "@11ty/eleventy-dev-server": ["@11ty/eleventy-dev-server@1.0.4", "", { "dependencies": { "@11ty/eleventy-utils": "^1.0.1", "chokidar": "^3.5.3", "debug": "^4.3.4", "dev-ip": "^1.0.1", "finalhandler": "^1.2.0", "mime": "^3.0.0", "minimist": "^1.2.8", "morphdom": "^2.7.0", "please-upgrade-node": "^3.2.0", "ssri": "^8.0.1", "ws": "^8.13.0" }, "bin": { "eleventy-dev-server": "cmd.js" } }, ""],

    "@11ty/eleventy-utils": ["@11ty/eleventy-utils@1.0.2", "", { "dependencies": { "normalize-path": "^3.0.0" } }, ""],

    "@11ty/lodash-custom": ["@11ty/lodash-custom@4.17.21", "", {}, ""],

    "@babel/helper-string-parser": ["@babel/helper-string-parser@7.24.1", "", {}, ""],

    "@babel/helper-validator-identifier": ["@babel/helper-validator-identifier@7.22.20", "", {}, ""],

    "@babel/parser": ["@babel/parser@7.24.4", "", { "bin": { "parser": "bin/babel-parser.js" } }, ""],

    "@babel/types": ["@babel/types@7.24.0", "", { "dependencies": { "@babel/helper-string-parser": "^7.23.4", "@babel/helper-validator-identifier": "^7.22.20", "to-fast-properties": "^2.0.0" } }, ""],

    "@iarna/toml": ["@iarna/toml@2.2.5", "", {}, ""],

    "@nodelib/fs.scandir": ["@nodelib/fs.scandir@2.1.5", "", { "dependencies": { "@nodelib/fs.stat": "2.0.5", "run-parallel": "^1.1.9" } }, ""],

    "@nodelib/fs.stat": ["@nodelib/fs.stat@2.0.5", "", {}, ""],

    "@nodelib/fs.walk": ["@nodelib/fs.walk@1.2.8", "", { "dependencies": { "@nodelib/fs.scandir": "2.1.5", "fastq": "^1.6.0" } }, ""],

    "@sindresorhus/slugify": ["@sindresorhus/slugify@1.1.2", "", { "dependencies": { "@sindresorhus/transliterate": "^0.1.1", "escape-string-regexp": "^4.0.0" } }, ""],

    "@sindresorhus/transliterate": ["@sindresorhus/transliterate@0.1.2", "", { "dependencies": { "escape-string-regexp": "^2.0.0", "lodash.deburr": "^4.1.0" } }, ""],

    "@types/minimatch": ["@types/minimatch@3.0.5", "", {}, ""],

    "a-sync-waterfall": ["a-sync-waterfall@1.0.1", "", {}, ""],

    "acorn": ["acorn@7.4.1", "", { "bin": "bin/acorn" }, ""],

    "ansi-styles": ["ansi-styles@4.3.0", "", { "dependencies": { "color-convert": "^2.0.1" } }, ""],

    "any-promise": ["any-promise@0.1.0", "", {}, ""],

    "anymatch": ["anymatch@3.1.3", "", { "dependencies": { "normalize-path": "^3.0.0", "picomatch": "^2.0.4" } }, ""],

    "argparse": ["argparse@2.0.1", "", {}, ""],

    "array-differ": ["array-differ@3.0.0", "", {}, ""],

    "array-union": ["array-union@2.1.0", "", {}, ""],

    "array-uniq": ["array-uniq@1.0.3", "", {}, ""],

    "arrify": ["arrify@2.0.1", "", {}, ""],

    "asap": ["asap@2.0.6", "", {}, ""],

    "assert-never": ["assert-never@1.2.1", "", {}, ""],

    "async": ["async@3.2.5", "", {}, ""],

    "babel-walk": ["babel-walk@3.0.0-canary-5", "", { "dependencies": { "@babel/types": "^7.9.6" } }, ""],

    "balanced-match": ["balanced-match@1.0.2", "", {}, ""],

    "bcp-47": ["bcp-47@1.0.8", "", { "dependencies": { "is-alphabetical": "^1.0.0", "is-alphanumerical": "^1.0.0", "is-decimal": "^1.0.0" } }, ""],

    "bcp-47-match": ["bcp-47-match@1.0.3", "", {}, ""],

    "bcp-47-normalize": ["bcp-47-normalize@1.1.1", "", { "dependencies": { "bcp-47": "^1.0.0", "bcp-47-match": "^1.0.0" } }, ""],

    "binary-extensions": ["binary-extensions@2.3.0", "", {}, ""],

    "brace-expansion": ["brace-expansion@1.1.11", "", { "dependencies": { "balanced-match": "^1.0.0", "concat-map": "0.0.1" } }, ""],

    "braces": ["braces@3.0.2", "", { "dependencies": { "fill-range": "^7.0.1" } }, ""],

    "call-bind": ["call-bind@1.0.7", "", { "dependencies": { "es-define-property": "^1.0.0", "es-errors": "^1.3.0", "function-bind": "^1.1.2", "get-intrinsic": "^1.2.4", "set-function-length": "^1.2.1" } }, ""],

    "chalk": ["chalk@4.1.2", "", { "dependencies": { "ansi-styles": "^4.1.0", "supports-color": "^7.1.0" } }, ""],

    "character-parser": ["character-parser@2.2.0", "", { "dependencies": { "is-regex": "^1.0.3" } }, ""],

    "chokidar": ["chokidar@3.6.0", "", { "dependencies": { "anymatch": "~3.1.2", "braces": "~3.0.2", "glob-parent": "~5.1.2", "is-binary-path": "~2.1.0", "is-glob": "~4.0.1", "normalize-path": "~3.0.0", "readdirp": "~3.6.0" }, "optionalDependencies": { "fsevents": "~2.3.2" } }, ""],

    "color-convert": ["color-convert@2.0.1", "", { "dependencies": { "color-name": "~1.1.4" } }, ""],

    "color-name": ["color-name@1.1.4", "", {}, ""],

    "commander": ["commander@10.0.1", "", {}, ""],

    "concat-map": ["concat-map@0.0.1", "", {}, ""],

    "constantinople": ["constantinople@4.0.1", "", { "dependencies": { "@babel/parser": "^7.6.0", "@babel/types": "^7.6.1" } }, ""],

    "cross-spawn": ["cross-spawn@7.0.3", "", { "dependencies": { "path-key": "^3.1.0", "shebang-command": "^2.0.0", "which": "^2.0.1" } }, ""],

    "debug": ["debug@4.3.4", "", { "dependencies": { "ms": "2.1.2" } }, ""],

    "define-data-property": ["define-data-property@1.1.4", "", { "dependencies": { "es-define-property": "^1.0.0", "es-errors": "^1.3.0", "gopd": "^1.0.1" } }, ""],

    "dependency-graph": ["dependency-graph@0.11.0", "", {}, ""],

    "dev-ip": ["dev-ip@1.0.1", "", { "bin": "lib/dev-ip.js" }, ""],

    "doctypes": ["doctypes@1.1.0", "", {}, ""],

    "dom-serializer": ["dom-serializer@1.4.1", "", { "dependencies": { "domelementtype": "^2.0.1", "domhandler": "^4.2.0", "entities": "^2.0.0" } }, ""],

    "domelementtype": ["domelementtype@2.3.0", "", {}, ""],

    "domhandler": ["domhandler@4.3.1", "", { "dependencies": { "domelementtype": "^2.2.0" } }, ""],

    "domutils": ["domutils@2.8.0", "", { "dependencies": { "dom-serializer": "^1.0.1", "domelementtype": "^2.2.0", "domhandler": "^4.2.0" } }, ""],

    "ee-first": ["ee-first@1.1.1", "", {}, ""],

    "ejs": ["ejs@3.1.10", "", { "dependencies": { "jake": "^10.8.5" }, "bin": "bin/cli.js" }, ""],

    "encodeurl": ["encodeurl@1.0.2", "", {}, ""],

    "entities": ["entities@3.0.1", "", {}, ""],

    "errno": ["errno@0.1.8", "", { "dependencies": { "prr": "~1.0.1" }, "bin": "cli.js" }, ""],

    "es-define-property": ["es-define-property@1.0.0", "", { "dependencies": { "get-intrinsic": "^1.2.4" } }, ""],

    "es-errors": ["es-errors@1.3.0", "", {}, ""],

    "escape-html": ["escape-html@1.0.3", "", {}, ""],

    "escape-string-regexp": ["escape-string-regexp@4.0.0", "", {}, ""],

    "esprima": ["esprima@4.0.1", "", { "bin": { "esparse": "bin/esparse.js", "esvalidate": "bin/esvalidate.js" } }, ""],

    "extend-shallow": ["extend-shallow@2.0.1", "", { "dependencies": { "is-extendable": "^0.1.0" } }, ""],

    "fast-glob": ["fast-glob@3.3.2", "", { "dependencies": { "@nodelib/fs.stat": "^2.0.2", "@nodelib/fs.walk": "^1.2.3", "glob-parent": "^5.1.2", "merge2": "^1.3.0", "micromatch": "^4.0.4" } }, ""],

    "fastq": ["fastq@1.17.1", "", { "dependencies": { "reusify": "^1.0.4" } }, ""],

    "filelist": ["filelist@1.0.4", "", { "dependencies": { "minimatch": "^5.0.1" } }, ""],

    "fill-range": ["fill-range@7.0.1", "", { "dependencies": { "to-regex-range": "^5.0.1" } }, ""],

    "finalhandler": ["finalhandler@1.2.0", "", { "dependencies": { "debug": "2.6.9", "encodeurl": "~1.0.2", "escape-html": "~1.0.3", "on-finished": "2.4.1", "parseurl": "~1.3.3", "statuses": "2.0.1", "unpipe": "~1.0.0" } }, ""],

    "fs.realpath": ["fs.realpath@1.0.0", "", {}, ""],

    "fsevents": ["fsevents@2.3.3", "", { "os": "darwin" }, ""],

    "function-bind": ["function-bind@1.1.2", "", {}, ""],

    "get-intrinsic": ["get-intrinsic@1.2.4", "", { "dependencies": { "es-errors": "^1.3.0", "function-bind": "^1.1.2", "has-proto": "^1.0.1", "has-symbols": "^1.0.3", "hasown": "^2.0.0" } }, ""],

    "glob": ["glob@7.2.3", "", { "dependencies": { "fs.realpath": "^1.0.0", "inflight": "^1.0.4", "inherits": "2", "minimatch": "^3.1.1", "once": "^1.3.0", "path-is-absolute": "^1.0.0" } }, ""],

    "glob-parent": ["glob-parent@5.1.2", "", { "dependencies": { "is-glob": "^4.0.1" } }, ""],

    "gopd": ["gopd@1.0.1", "", { "dependencies": { "get-intrinsic": "^1.1.3" } }, ""],

    "graceful-fs": ["graceful-fs@4.2.11", "", {}, ""],

    "gray-matter": ["gray-matter@4.0.3", "", { "dependencies": { "js-yaml": "^3.13.1", "kind-of": "^6.0.2", "section-matter": "^1.0.0", "strip-bom-string": "^1.0.0" } }, ""],

    "hamljs": ["hamljs@0.6.2", "", {}, ""],

    "handlebars": ["handlebars@4.7.8", "", { "dependencies": { "minimist": "^1.2.5", "neo-async": "^2.6.2", "source-map": "^0.6.1", "wordwrap": "^1.0.0" }, "optionalDependencies": { "uglify-js": "^3.1.4" }, "bin": "bin/handlebars" }, ""],

    "has-flag": ["has-flag@4.0.0", "", {}, ""],

    "has-property-descriptors": ["has-property-descriptors@1.0.2", "", { "dependencies": { "es-define-property": "^1.0.0" } }, ""],

    "has-proto": ["has-proto@1.0.3", "", {}, ""],

    "has-symbols": ["has-symbols@1.0.3", "", {}, ""],

    "has-tostringtag": ["has-tostringtag@1.0.2", "", { "dependencies": { "has-symbols": "^1.0.3" } }, ""],

    "hasown": ["hasown@2.0.2", "", { "dependencies": { "function-bind": "^1.1.2" } }, ""],

    "htmlparser2": ["htmlparser2@7.2.0", "", { "dependencies": { "domelementtype": "^2.0.1", "domhandler": "^4.2.2", "domutils": "^2.8.0", "entities": "^3.0.1" } }, ""],

    "http-equiv-refresh": ["http-equiv-refresh@1.0.0", "", {}, ""],

    "inflight": ["inflight@1.0.6", "", { "dependencies": { "once": "^1.3.0", "wrappy": "1" } }, ""],

    "inherits": ["inherits@2.0.4", "", {}, ""],

    "is-alphabetical": ["is-alphabetical@1.0.4", "", {}, ""],

    "is-alphanumerical": ["is-alphanumerical@1.0.4", "", { "dependencies": { "is-alphabetical": "^1.0.0", "is-decimal": "^1.0.0" } }, ""],

    "is-binary-path": ["is-binary-path@2.1.0", "", { "dependencies": { "binary-extensions": "^2.0.0" } }, ""],

    "is-core-module": ["is-core-module@2.13.1", "", { "dependencies": { "hasown": "^2.0.0" } }, ""],

    "is-decimal": ["is-decimal@1.0.4", "", {}, ""],

    "is-expression": ["is-expression@4.0.0", "", { "dependencies": { "acorn": "^7.1.1", "object-assign": "^4.1.1" } }, ""],

    "is-extendable": ["is-extendable@0.1.1", "", {}, ""],

    "is-extglob": ["is-extglob@2.1.1", "", {}, ""],

    "is-glob": ["is-glob@4.0.3", "", { "dependencies": { "is-extglob": "^2.1.1" } }, ""],

    "is-json": ["is-json@2.0.1", "", {}, ""],

    "is-number": ["is-number@7.0.0", "", {}, ""],

    "is-promise": ["is-promise@2.2.2", "", {}, ""],

    "is-regex": ["is-regex@1.1.4", "", { "dependencies": { "call-bind": "^1.0.2", "has-tostringtag": "^1.0.0" } }, ""],

    "isexe": ["isexe@2.0.0", "", {}, ""],

    "iso-639-1": ["iso-639-1@2.1.15", "", {}, ""],

    "jake": ["jake@10.8.7", "", { "dependencies": { "async": "^3.2.3", "chalk": "^4.0.2", "filelist": "^1.0.4", "minimatch": "^3.1.2" }, "bin": "bin/cli.js" }, ""],

    "js-stringify": ["js-stringify@1.0.2", "", {}, ""],

    "js-yaml": ["js-yaml@3.14.1", "", { "dependencies": { "argparse": "^1.0.7", "esprima": "^4.0.0" }, "bin": "bin/js-yaml.js" }, ""],

    "jstransformer": ["jstransformer@1.0.0", "", { "dependencies": { "is-promise": "^2.0.0", "promise": "^7.0.1" } }, ""],

    "junk": ["junk@1.0.3", "", {}, ""],

    "kind-of": ["kind-of@6.0.3", "", {}, ""],

    "kleur": ["kleur@4.1.5", "", {}, ""],

    "linkify-it": ["linkify-it@4.0.1", "", { "dependencies": { "uc.micro": "^1.0.1" } }, ""],

    "liquidjs": ["liquidjs@10.11.1", "", { "dependencies": { "commander": "^10.0.0" }, "bin": { "liquid": "bin/liquid.js", "liquidjs": "bin/liquid.js" } }, ""],

    "list-to-array": ["list-to-array@1.1.0", "", {}, ""],

    "lodash.deburr": ["lodash.deburr@4.1.0", "", {}, ""],

    "lru-cache": ["lru-cache@6.0.0", "", { "dependencies": { "yallist": "^4.0.0" } }, ""],

    "luxon": ["luxon@3.4.4", "", {}, ""],

    "markdown-it": ["markdown-it@13.0.2", "", { "dependencies": { "argparse": "^2.0.1", "entities": "~3.0.1", "linkify-it": "^4.0.1", "mdurl": "^1.0.1", "uc.micro": "^1.0.5" }, "bin": "bin/markdown-it.js" }, ""],

    "maximatch": ["maximatch@0.1.0", "", { "dependencies": { "array-differ": "^1.0.0", "array-union": "^1.0.1", "arrify": "^1.0.0", "minimatch": "^3.0.0" } }, ""],

    "mdurl": ["mdurl@1.0.1", "", {}, ""],

    "merge2": ["merge2@1.4.1", "", {}, ""],

    "micromatch": ["micromatch@4.0.5", "", { "dependencies": { "braces": "^3.0.2", "picomatch": "^2.3.1" } }, ""],

    "mime": ["mime@3.0.0", "", { "bin": "cli.js" }, ""],

    "minimatch": ["minimatch@3.1.2", "", { "dependencies": { "brace-expansion": "^1.1.7" } }, ""],

    "minimist": ["minimist@1.2.8", "", {}, ""],

    "minipass": ["minipass@3.3.6", "", { "dependencies": { "yallist": "^4.0.0" } }, ""],

    "mkdirp": ["mkdirp@0.5.6", "", { "dependencies": { "minimist": "^1.2.6" }, "bin": "bin/cmd.js" }, ""],

    "moo": ["moo@0.5.2", "", {}, ""],

    "morphdom": ["morphdom@2.7.2", "", {}, ""],

    "ms": ["ms@2.1.2", "", {}, ""],

    "multimatch": ["multimatch@5.0.0", "", { "dependencies": { "@types/minimatch": "^3.0.3", "array-differ": "^3.0.0", "array-union": "^2.1.0", "arrify": "^2.0.1", "minimatch": "^3.0.4" } }, ""],

    "mustache": ["mustache@4.2.0", "", { "bin": "bin/mustache" }, ""],

    "neo-async": ["neo-async@2.6.2", "", {}, ""],

    "normalize-path": ["normalize-path@3.0.0", "", {}, ""],

    "nunjucks": ["nunjucks@3.2.4", "", { "dependencies": { "a-sync-waterfall": "^1.0.0", "asap": "^2.0.3", "commander": "^5.1.0" }, "peerDependencies": { "chokidar": "^3.3.0" }, "bin": { "nunjucks-precompile": "bin/precompile" } }, ""],

    "object-assign": ["object-assign@4.1.1", "", {}, ""],

    "on-finished": ["on-finished@2.4.1", "", { "dependencies": { "ee-first": "1.1.1" } }, ""],

    "once": ["once@1.4.0", "", { "dependencies": { "wrappy": "1" } }, ""],

    "parse-srcset": ["parse-srcset@1.0.2", "", {}, ""],

    "parseurl": ["parseurl@1.3.3", "", {}, ""],

    "path-is-absolute": ["path-is-absolute@1.0.1", "", {}, ""],

    "path-key": ["path-key@3.1.1", "", {}, ""],

    "path-parse": ["path-parse@1.0.7", "", {}, ""],

    "path-to-regexp": ["path-to-regexp@6.2.2", "", {}, ""],

    "picomatch": ["picomatch@2.3.1", "", {}, ""],

    "pify": ["pify@2.3.0", "", {}, ""],

    "please-upgrade-node": ["please-upgrade-node@3.2.0", "", { "dependencies": { "semver-compare": "^1.0.0" } }, ""],

    "posthtml": ["posthtml@0.16.6", "", { "dependencies": { "posthtml-parser": "^0.11.0", "posthtml-render": "^3.0.0" } }, ""],

    "posthtml-parser": ["posthtml-parser@0.11.0", "", { "dependencies": { "htmlparser2": "^7.1.1" } }, ""],

    "posthtml-render": ["posthtml-render@3.0.0", "", { "dependencies": { "is-json": "^2.0.1" } }, ""],

    "posthtml-urls": ["posthtml-urls@1.0.0", "", { "dependencies": { "http-equiv-refresh": "^1.0.0", "list-to-array": "^1.1.0", "parse-srcset": "^1.0.2", "promise-each": "^2.2.0" } }, ""],

    "promise": ["promise@7.3.1", "", { "dependencies": { "asap": "~2.0.3" } }, ""],

    "promise-each": ["promise-each@2.2.0", "", { "dependencies": { "any-promise": "^0.1.0" } }, ""],

    "prr": ["prr@1.0.1", "", {}, ""],

    "pug": ["pug@3.0.2", "", { "dependencies": { "pug-code-gen": "^3.0.2", "pug-filters": "^4.0.0", "pug-lexer": "^5.0.1", "pug-linker": "^4.0.0", "pug-load": "^3.0.0", "pug-parser": "^6.0.0", "pug-runtime": "^3.0.1", "pug-strip-comments": "^2.0.0" } }, ""],

    "pug-attrs": ["pug-attrs@3.0.0", "", { "dependencies": { "constantinople": "^4.0.1", "js-stringify": "^1.0.2", "pug-runtime": "^3.0.0" } }, ""],

    "pug-code-gen": ["pug-code-gen@3.0.2", "", { "dependencies": { "constantinople": "^4.0.1", "doctypes": "^1.1.0", "js-stringify": "^1.0.2", "pug-attrs": "^3.0.0", "pug-error": "^2.0.0", "pug-runtime": "^3.0.0", "void-elements": "^3.1.0", "with": "^7.0.0" } }, ""],

    "pug-error": ["pug-error@2.0.0", "", {}, ""],

    "pug-filters": ["pug-filters@4.0.0", "", { "dependencies": { "constantinople": "^4.0.1", "jstransformer": "1.0.0", "pug-error": "^2.0.0", "pug-walk": "^2.0.0", "resolve": "^1.15.1" } }, ""],

    "pug-lexer": ["pug-lexer@5.0.1", "", { "dependencies": { "character-parser": "^2.2.0", "is-expression": "^4.0.0", "pug-error": "^2.0.0" } }, ""],

    "pug-linker": ["pug-linker@4.0.0", "", { "dependencies": { "pug-error": "^2.0.0", "pug-walk": "^2.0.0" } }, ""],

    "pug-load": ["pug-load@3.0.0", "", { "dependencies": { "object-assign": "^4.1.1", "pug-walk": "^2.0.0" } }, ""],

    "pug-parser": ["pug-parser@6.0.0", "", { "dependencies": { "pug-error": "^2.0.0", "token-stream": "1.0.0" } }, ""],

    "pug-runtime": ["pug-runtime@3.0.1", "", {}, ""],

    "pug-strip-comments": ["pug-strip-comments@2.0.0", "", { "dependencies": { "pug-error": "^2.0.0" } }, ""],

    "pug-walk": ["pug-walk@2.0.0", "", {}, ""],

    "queue-microtask": ["queue-microtask@1.2.3", "", {}, ""],

    "readdirp": ["readdirp@3.6.0", "", { "dependencies": { "picomatch": "^2.2.1" } }, ""],

    "recursive-copy": ["recursive-copy@2.0.14", "", { "dependencies": { "errno": "^0.1.2", "graceful-fs": "^4.1.4", "junk": "^1.0.1", "maximatch": "^0.1.0", "mkdirp": "^0.5.1", "pify": "^2.3.0", "promise": "^7.0.1", "rimraf": "^2.7.1", "slash": "^1.0.0" } }, ""],

    "resolve": ["resolve@1.22.8", "", { "dependencies": { "is-core-module": "^2.13.0", "path-parse": "^1.0.7", "supports-preserve-symlinks-flag": "^1.0.0" }, "bin": "bin/resolve" }, ""],

    "reusify": ["reusify@1.0.4", "", {}, ""],

    "rimraf": ["rimraf@2.7.1", "", { "dependencies": { "glob": "^7.1.3" }, "bin": "bin.js" }, ""],

    "run-parallel": ["run-parallel@1.2.0", "", { "dependencies": { "queue-microtask": "^1.2.2" } }, ""],

    "section-matter": ["section-matter@1.0.0", "", { "dependencies": { "extend-shallow": "^2.0.1", "kind-of": "^6.0.0" } }, ""],

    "semver": ["semver@7.6.0", "", { "dependencies": { "lru-cache": "^6.0.0" }, "bin": "bin/semver.js" }, ""],

    "semver-compare": ["semver-compare@1.0.0", "", {}, ""],

    "set-function-length": ["set-function-length@1.2.2", "", { "dependencies": { "define-data-property": "^1.1.4", "es-errors": "^1.3.0", "function-bind": "^1.1.2", "get-intrinsic": "^1.2.4", "gopd": "^1.0.1", "has-property-descriptors": "^1.0.2" } }, ""],

    "shebang-command": ["shebang-command@2.0.0", "", { "dependencies": { "shebang-regex": "^3.0.0" } }, ""],

    "shebang-regex": ["shebang-regex@3.0.0", "", {}, ""],

    "slash": ["slash@1.0.0", "", {}, ""],

    "slugify": ["slugify@1.6.6", "", {}, ""],

    "source-map": ["source-map@0.6.1", "", {}, ""],

    "sprintf-js": ["sprintf-js@1.0.3", "", {}, ""],

    "ssri": ["ssri@8.0.1", "", { "dependencies": { "minipass": "^3.1.1" } }, ""],

    "statuses": ["statuses@2.0.1", "", {}, ""],

    "strip-bom-string": ["strip-bom-string@1.0.0", "", {}, ""],

    "supports-color": ["supports-color@7.2.0", "", { "dependencies": { "has-flag": "^4.0.0" } }, ""],

    "supports-preserve-symlinks-flag": ["supports-preserve-symlinks-flag@1.0.0", "", {}, ""],

    "to-fast-properties": ["to-fast-properties@2.0.0", "", {}, ""],

    "to-regex-range": ["to-regex-range@5.0.1", "", { "dependencies": { "is-number": "^7.0.0" } }, ""],

    "token-stream": ["token-stream@1.0.0", "", {}, ""],

    "uc.micro": ["uc.micro@1.0.6", "", {}, ""],

    "uglify-js": ["uglify-js@3.17.4", "", { "bin": { "uglifyjs": "bin/uglifyjs" } }, ""],

    "unpipe": ["unpipe@1.0.0", "", {}, ""],

    "void-elements": ["void-elements@3.1.0", "", {}, ""],

    "which": ["which@2.0.2", "", { "dependencies": { "isexe": "^2.0.0" }, "bin": { "node-which": "bin/node-which" } }, ""],

    "with": ["with@7.0.2", "", { "dependencies": { "@babel/parser": "^7.9.6", "@babel/types": "^7.9.6", "assert-never": "^1.2.1", "babel-walk": "3.0.0-canary-5" } }, ""],

    "wordwrap": ["wordwrap@1.0.0", "", {}, ""],

    "wrappy": ["wrappy@1.0.2", "", {}, ""],

    "ws": ["ws@8.16.0", "", { "peerDependencies": { "bufferutil": "^4.0.1", "utf-8-validate": ">=5.0.2" }, "optionalPeers": ["bufferutil", "utf-8-validate"] }, ""],

    "yallist": ["yallist@4.0.0", "", {}, ""],

    "@sindresorhus/transliterate/escape-string-regexp": ["escape-string-regexp@2.0.0", "", {}, ""],

    "dom-serializer/entities": ["entities@2.2.0", "", {}, ""],

    "filelist/minimatch": ["minimatch@5.1.6", "", { "dependencies": { "brace-expansion": "^2.0.1" } }, ""],

    "finalhandler/debug": ["debug@2.6.9", "", { "dependencies": { "ms": "2.0.0" } }, ""],

    "js-yaml/argparse": ["argparse@1.0.10", "", { "dependencies": { "sprintf-js": "~1.0.2" } }, ""],

    "maximatch/array-differ": ["array-differ@1.0.0", "", {}, ""],

    "maximatch/array-union": ["array-union@1.0.2", "", { "dependencies": { "array-uniq": "^1.0.1" } }, ""],

    "maximatch/arrify": ["arrify@1.0.1", "", {}, ""],

    "nunjucks/commander": ["commander@5.1.0", "", {}, ""],

    "filelist/minimatch/brace-expansion": ["brace-expansion@2.0.1", "", { "dependencies": { "balanced-match": "^1.0.0" } }, ""],

    "finalhandler/debug/ms": ["ms@2.0.0", "", {}, ""],
  }
}
